
Microsoft Visual Studio Solution File, Format Version 12.00
# Visual Studio Version 16
VisualStudioVersion = 16.0.34031.81
MinimumVisualStudioVersion = 10.0.40219.1
Project("{FAE04EC0-301F-11D3-BF4B-00C04F79EFBC}") = "Lab6Prob", "Lab6Prob\Lab6Prob.csproj", "{F73A15A6-0FBB-4ED5-A5ED-DF6B4EC8B126}"
EndProject
Global
	GlobalSection(SolutionConfigurationPlatforms) = preSolution
		Debug|Any CPU = Debug|Any CPU
		Release|Any CPU = Release|Any CPU
	EndGlobalSection
	GlobalSection(ProjectConfigurationPlatforms) = postSolution
		{F73A15A6-0FBB-4ED5-A5ED-DF6B4EC8B126}.Debug|Any CPU.ActiveCfg = Debug|Any CPU
		{F73A15A6-0FBB-4ED5-A5ED-DF6B4EC8B126}.Debug|Any CPU.Build.0 = Debug|Any CPU
		{F73A15A6-0FBB-4ED5-A5ED-DF6B4EC8B126}.Release|Any CPU.ActiveCfg = Release|Any CPU
		{F73A15A6-0FBB-4ED5-A5ED-DF6B4EC8B126}.Release|Any CPU.Build.0 = Release|Any CPU
	EndGlobalSection
	GlobalSection(SolutionProperties) = preSolution
		HideSolutionNode = FALSE
	EndGlobalSection
	GlobalSection(ExtensibilityGlobals) = postSolution
		SolutionGuid = {85337ADD-CEFF-48C0-89D2-594DFF3281E9}
	EndGlobalSection
EndGlobal
